
Microsoft Visual Studio Solution File, Format Version 12.00
# Visual Studio Version 17
VisualStudioVersion = 17.10.35013.160
MinimumVisualStudioVersion = 10.0.40219.1
Project("{FAE04EC0-301F-11D3-BF4B-00C04F79EFBC}") = "jarvis", "jarvis.csproj", "{1BE7C53F-69B4-4036-B41A-90E4C17ADFBD}"
EndProject
Global
	GlobalSection(SolutionConfigurationPlatforms) = preSolution
		Debug|Any CPU = Debug|Any CPU
		Release|Any CPU = Release|Any CPU
	EndGlobalSection
	GlobalSection(ProjectConfigurationPlatforms) = postSolution
		{1BE7C53F-69B4-4036-B41A-90E4C17ADFBD}.Debug|Any CPU.ActiveCfg = Debug|Any CPU
		{1BE7C53F-69B4-4036-B41A-90E4C17ADFBD}.Debug|Any CPU.Build.0 = Debug|Any CPU
		{1BE7C53F-69B4-4036-B41A-90E4C17ADFBD}.Release|Any CPU.ActiveCfg = Release|Any CPU
		{1BE7C53F-69B4-4036-B41A-90E4C17ADFBD}.Release|Any CPU.Build.0 = Release|Any CPU
	EndGlobalSection
	GlobalSection(SolutionProperties) = preSolution
		HideSolutionNode = FALSE
	EndGlobalSection
	GlobalSection(ExtensibilityGlobals) = postSolution
		SolutionGuid = {CF0A4746-C93A-4620-AE5E-757A4F6963E9}
	EndGlobalSection
EndGlobal
